%{
  "beam_notify": {:hex, :beam_notify, "1.1.1", "da7dd04f16120bcab71f01ff81607ea38ad78af859cd87fad2012eac8feab034", [:make, :mix], [{:elixir_make, "~> 0.6", [hex: :elixir_make, repo: "hexpm", optional: false]}], "hexpm", "5a09fc8449171da423f781de16b95cdec52763e60308345de6f15358c2382a42"},
  "castore": {:hex, :castore, "1.0.21", "0a0e8330dc267a40a3b7ad86d39302764bb71758172904e6a59d5ad6443ce307", [:mix], [], "hexpm", "e42e22723e25dbd46876d056a03f685513d6e98f6b5e555dc551321decd76c5c"},
  "circular_buffer": {:hex, :circular_buffer, "1.1.0", "af9332c40d600cc27b160eebd9fad1bf0a8106cd62e9f57d6cc8f028d3cc46d1", [:mix], [], "hexpm", "0daa0a4fcb3a7ffabc8576bdbf64c99adc6d4b37eab1185179140769ba58f571"},
  "elixir_make": {:hex, :elixir_make, "0.10.0", "16577e2583a79bb79237bbff349619ef5d80afffc07eac6e4faf0d00e2ddaf7d", [:mix], [], "hexpm", "dc1f09fb7fa68866b886abd5f0f3c83553b1a19a52359a899e92af1bb3b31982"},
  "hpax": {:hex, :hpax, "1.0.4", "777de5d433b0fbdc7c418159c8055910faa8047ffdb3d6b31098d2a46cd7685c", [:mix], [], "hexpm", "afc7cb142ebcc2d01ce7816190b98ce5dd49e799111b24249f3443d730f377ca"},
  "interactive_cmd": {:hex, :interactive_cmd, "0.1.4", "398b517b88fc0e4a7dc4ece883bf952995b859a406331626f3c94a1f680657e4", [:mix], [], "hexpm", "d2089b3827f6b21e48ac85a59441211dacda5c0702ab6f590f2117990968a571"},
  "jason": {:hex, :jason, "1.4.5", "2e3a008590b0b8d7388c20293e9dcc9cf3e5d642fd2a114e4cbbb52e595d940a", [:mix], [{:decimal, "~> 1.0 or ~> 2.0 or ~> 3.0", [hex: :decimal, repo: "hexpm", optional: true]}], "hexpm", "b0c823996102bcd0239b3c2444eb00409b72f6a140c1950bc8b457d836b30684"},
  "mdns_lite": {:hex, :mdns_lite, "0.9.2", "c897ec41661f22e08a649f2d31565eb7a7e06b770f4f50074e97629bf6d524d6", [:mix], [{:igniter, "~> 0.5", [hex: :igniter, repo: "hexpm", optional: true]}, {:vintage_net, "~> 0.7", [hex: :vintage_net, repo: "hexpm", optional: true]}], "hexpm", "0798b8b9bd11a18aa4128d9beb0e093414ed89f735d592b87f362ae2a8ff6081"},
  "mint": {:hex, :mint, "1.10.0", "85af3353bfc504f5bdfe494bd92b8490f87a306dc659ee1ad0af435107e898dc", [:mix], [{:castore, "~> 0.1.0 or ~> 1.0", [hex: :castore, repo: "hexpm", optional: true]}, {:hpax, "~> 0.1.1 or ~> 0.2.0 or ~> 1.0", [hex: :hpax, repo: "hexpm", optional: false]}], "hexpm", "8b16fb72aaa7531d206a1f05e4cc85509ba531ccec7a17a22736c9c95cbb24d1"},
  "mint_web_socket": {:hex, :mint_web_socket, "1.0.6", "5ffcf350df5b90f2d7a04adf877165228804993714592512374218d4679e325a", [:mix], [{:mint, ">= 1.4.1 and < 2.0.0-0", [hex: :mint, repo: "hexpm", optional: false]}], "hexpm", "0c360e9012413f1c115a63532601eb5d63731aab7010949178769760686c1698"},
  "muontrap": {:hex, :muontrap, "1.8.0", "3c5dab5bc91d5a16d14cd85b130ae7d35a9c469564a11ba4b2ebbcd7ccf5bc05", [:make, :mix], [{:elixir_make, "~> 0.6", [hex: :elixir_make, repo: "hexpm", optional: false]}], "hexpm", "45ff36451303cbdefe1c66da3681b5aff078ee5737348f554f0017daa66284af"},
  "nerves": {:hex, :nerves, "1.15.0", "5f7a224b9d5e797a742342dae0563dec41506a821ca09f7d0895955329d61a38", [:make, :mix], [{:elixir_make, "~> 0.6", [hex: :elixir_make, repo: "hexpm", optional: false]}, {:interactive_cmd, "~> 0.1.4", [hex: :interactive_cmd, repo: "hexpm", optional: false]}, {:jason, "~> 1.2", [hex: :jason, repo: "hexpm", optional: false]}, {:nerves_discovery, "~> 0.1.2", [hex: :nerves_discovery, repo: "hexpm", optional: false]}, {:tablet, "~> 0.3.1", [hex: :tablet, repo: "hexpm", optional: false]}], "hexpm", "1d874dbb30feffeb658317c28ddbf027eddb0e5e3d25a6e78a43170dab4e1734"},
  "nerves_discovery": {:hex, :nerves_discovery, "0.1.5", "2f0ff379818970b5d9a64c05d7a3b2b4d064d7f5dc6400825ba7da9b47da1105", [:mix], [], "hexpm", "aa16d2da754fb95a0212d8c77ca9d672184bc38c45cfcca40024832cc6c217f5"},
  "nerves_logging": {:hex, :nerves_logging, "0.2.4", "7d60c345325c7165a1473be30a399847eaba425dce3258ef97a8aefd6d913160", [:make, :mix], [{:elixir_make, "~> 0.6", [hex: :elixir_make, repo: "hexpm", optional: false]}], "hexpm", "942f9757adea17d56f4f64fbf4e1aaffd4b2471dd2f1bc020ba80ba2ef5238bc"},
  "nerves_motd": {:hex, :nerves_motd, "0.1.17", "a0c4ebec82425185dd8cea1c12cd5d310b076cdefc82ba5f4bf516b5733ee4de", [:mix], [{:nerves_runtime, "~> 0.13.9", [hex: :nerves_runtime, repo: "hexpm", optional: false]}, {:nerves_time, "~> 0.4", [hex: :nerves_time, repo: "hexpm", optional: true]}, {:nerves_time_zones, "~> 0.1", [hex: :nerves_time_zones, repo: "hexpm", optional: true]}], "hexpm", "901a99bb22355e3f68b2f33182756cec1b0556531a6f93521a7baa2f0591969d"},
  "nerves_pack": {:hex, :nerves_pack, "0.7.2", "9dc6d9bcc0709a01bc19d08d1a039a203f0f146a75809504f4f76ceb827d0cf4", [:mix], [{:mdns_lite, "> 0.0.0", [hex: :mdns_lite, repo: "hexpm", optional: false]}, {:nerves_motd, "> 0.0.0", [hex: :nerves_motd, repo: "hexpm", optional: false]}, {:nerves_runtime, "> 0.0.0", [hex: :nerves_runtime, repo: "hexpm", optional: false]}, {:nerves_ssh, "> 0.0.0", [hex: :nerves_ssh, repo: "hexpm", optional: false]}, {:nerves_time, "> 0.0.0", [hex: :nerves_time, repo: "hexpm", optional: false]}, {:ring_logger, "> 0.0.0", [hex: :ring_logger, repo: "hexpm", optional: false]}, {:vintage_net, "> 0.0.0", [hex: :vintage_net, repo: "hexpm", optional: false]}, {:vintage_net_direct, "> 0.0.0", [hex: :vintage_net_direct, repo: "hexpm", optional: false]}, {:vintage_net_ethernet, "> 0.0.0", [hex: :vintage_net_ethernet, repo: "hexpm", optional: false]}, {:vintage_net_wifi, "> 0.0.0", [hex: :vintage_net_wifi, repo: "hexpm", optional: false]}], "hexpm", "986086f0636152f019499ae9591b6b82286e3ab4313460ba52c27daf178f57b7"},
  "nerves_runtime": {:hex, :nerves_runtime, "0.13.13", "998612c742fac60e8498aebb850e64f93d278e0be0f68a56b7ed30d32a05da6a", [:mix], [{:nerves_logging, "~> 0.2.0", [hex: :nerves_logging, repo: "hexpm", optional: false]}, {:nerves_uevent, "~> 0.1.0", [hex: :nerves_uevent, repo: "hexpm", optional: false]}, {:uboot_env, "~> 0.3.0 or ~> 1.0", [hex: :uboot_env, repo: "hexpm", optional: false]}], "hexpm", "6c3a6feaff23d8a4f73aaaaa8d00c9a4bc63cd1d477d82089ba5a4c6a78245c8"},
  "nerves_ssh": {:hex, :nerves_ssh, "1.3.1", "e04cdd879999257b32d3816c0f128559fc729bd7fa0654457655d724dfddf85e", [:mix], [{:nerves_runtime, "~> 0.11", [hex: :nerves_runtime, repo: "hexpm", optional: false]}, {:ssh_subsystem_fwup, "~> 0.5", [hex: :ssh_subsystem_fwup, repo: "hexpm", optional: false]}], "hexpm", "5c98dd7e24cd75d3140c9de620a043f98bef9011f9fdf85fd921764ad27c655e"},
  "nerves_system_br": {:hex, :nerves_system_br, "1.34.4", "17610b9392d7a8fcbc2ed59b18ef1c7db4c15d471e94a7fa4188b5d6457eae83", [:mix], [], "hexpm", "5b38ce4d4ff090858c4e6984ed8238033cc162a48e0abecc2acb0a6105dcb07b"},
  "nerves_time": {:hex, :nerves_time, "0.4.12", "71b9243b2646c05f18dc060a4e9004c58890195cfebfd7228122dc37e976f4ba", [:make, :mix], [{:elixir_make, "~> 0.6", [hex: :elixir_make, repo: "hexpm", optional: false]}, {:muontrap, "~> 0.5 or ~> 1.0", [hex: :muontrap, repo: "hexpm", optional: false]}], "hexpm", "527696d2cb5505faa50fa98f7babf1d5b9390a1125d4931b10374ce20e3fe1fc"},
  "nerves_toolchain_armv7_nerves_linux_gnueabihf": {:hex, :nerves_toolchain_armv7_nerves_linux_gnueabihf, "15.3.1", "de5fbc5dde4f1d9349a68f6f73639034155648d78149bf5d1fb5d47a7505f246", [:mix], [{:nerves, "~> 1.13 or ~> 2.0-dev", [hex: :nerves, repo: "hexpm", optional: false]}], "hexpm", "a2a2b6aff6cd0054d599b00a32dfa3670441d511db39b27f2da871ee9d27aafb"},
  "nerves_uevent": {:hex, :nerves_uevent, "0.1.7", "e8163591bb0cf087de608a7d0a0523a4c2df9df437dade2e6e890525f9380848", [:make, :mix], [{:elixir_make, "~> 0.6", [hex: :elixir_make, repo: "hexpm", optional: false]}, {:property_table, "~> 0.2.0 or ~> 0.3.0", [hex: :property_table, repo: "hexpm", optional: false]}], "hexpm", "d442b1aec1c61cdaf0fdbb8bcb9be4cada7dab695707ade0e2e7b78ffa4bf3b0"},
  "nimble_options": {:hex, :nimble_options, "1.1.1", "e3a492d54d85fc3fd7c5baf411d9d2852922f66e69476317787a7b2bb000a61b", [:mix], [], "hexpm", "821b2470ca9442c4b6984882fe9bb0389371b8ddec4d45a9504f00a66f650b44"},
  "one_dhcpd": {:hex, :one_dhcpd, "3.0.0", "262bd6bfea2001c85340d1384d7d992094f1dca3a761d0a1042d708bdc472c87", [:make, :mix], [{:elixir_make, "~> 0.6", [hex: :elixir_make, repo: "hexpm", optional: false]}], "hexpm", "959d7fde6ee3c1af526ae08b6273ef26fd25598dda6b59adb872889a5be08d1a"},
  "printer_relay_rpi3": {:git, "https://github.com/tmecklem/printer_relay_rpi3.git", "48c3a7a375e6c6c45e1fe8a70a5bdbbd8dba1535", [tag: "v2.1.2-usblp.1"]},
  "property_table": {:hex, :property_table, "0.3.4", "576b20f586ee7366d53919289c1b6dee4bbe1946f6761bfb20dabf7875cb4d40", [:mix], [], "hexpm", "1a45e5d4915ba017822e9692b447432f786cf63c89a6d71b7582eef666fd54b9"},
  "ring_logger": {:hex, :ring_logger, "0.11.7", "294ca73bd8459d412f8d7c71f27edec297257c3bc2dd863920b4e62aa4487cce", [:mix], [{:circular_buffer, "~> 0.4.0 or ~> 1.0", [hex: :circular_buffer, repo: "hexpm", optional: false]}, {:logger_backends, "~> 1.0", [hex: :logger_backends, repo: "hexpm", optional: true]}], "hexpm", "59cdc3dc90c2b5fcb0b14ef7a6818c701c11687a2f758f1c214c968f5a11cce6"},
  "shoehorn": {:hex, :shoehorn, "0.9.3", "88b79efa6c3cf42395d0635b2b6a41d1774275abb4a4889c0288874446d33d88", [:mix], [], "hexpm", "376ccf28e1d57a7f9d73ea93130e711886e88f4464a2cb9355787fd23897bbba"},
  "slipstream": {:hex, :slipstream, "1.2.2", "6b07124ac5f62a50327aa38c84edd0284920ac8aba548e04738827838f233ed0", [:mix], [{:jason, "~> 1.0", [hex: :jason, repo: "hexpm", optional: true]}, {:mint_web_socket, "~> 0.2 or ~> 1.0", [hex: :mint_web_socket, repo: "hexpm", optional: false]}, {:nimble_options, "~> 0.1 or ~> 1.0", [hex: :nimble_options, repo: "hexpm", optional: false]}, {:telemetry, "~> 0.4 or ~> 1.0", [hex: :telemetry, repo: "hexpm", optional: false]}], "hexpm", "ccb873ddb21aadb37c5c7745014febe6da0aa2cef0c4e73e7d08ce11d18aacd0"},
  "ssh_subsystem_fwup": {:hex, :ssh_subsystem_fwup, "0.6.9", "e54728aafaa170211c647ffc8e8d0f4a92b9ccb82846317cafdc4a31279fe400", [:mix], [{:interactive_cmd, "~> 0.1.2", [hex: :interactive_cmd, repo: "hexpm", optional: false]}], "hexpm", "b715ea3ba0e26a8f4ada58202e30177ae0203bb07495308261afacd59ad15d56"},
  "tablet": {:hex, :tablet, "0.3.3", "cf2975d34da2e26a42e0a09e3ac67e63171a3ad1a8da41be9c23ffda484eb84d", [:mix], [], "hexpm", "2701b7a6f8bca941ef036a982d7789a6aebd9e8802b2e26665391295935f4925"},
  "telemetry": {:hex, :telemetry, "1.4.2", "a0cb522801dffb1c49fe6e30561badffc7b6d0e180db1300df759faa22062855", [:rebar3], [], "hexpm", "928f6495066506077862c0d1646609eed891a4326bee3126ba54b60af61febb1"},
  "toolshed": {:hex, :toolshed, "0.5.0", "3dbc915bf30354d71b1e9b9cad0b0ad906360d7cfc1efb86acc1a6c58d9aa375", [:mix], [{:nerves_runtime, "~> 0.8", [hex: :nerves_runtime, repo: "hexpm", optional: true]}], "hexpm", "44a39f384d813d1991c4637eca23f62e9f91135e496c868c400b42ed01eb51d2"},
  "uboot_env": {:hex, :uboot_env, "1.0.2", "239809ab786a57f0f3d4eb318e0af30b7847c288cff96fc9306cd5283f967355", [:mix], [], "hexpm", "89c6419b3af35f90f7f027858e977c719c1a8b68e57be73757bc21a2ed0cc03d"},
  "vintage_net": {:hex, :vintage_net, "0.13.12", "b6d9e36cc857e25c646fcd3b4be6571947fd20cc7c415778f9144daef334aa91", [:make, :mix], [{:beam_notify, "~> 0.2.0 or ~> 1.0", [hex: :beam_notify, repo: "hexpm", optional: false]}, {:elixir_make, "~> 0.6", [hex: :elixir_make, repo: "hexpm", optional: false]}, {:muontrap, "~> 0.5.1 or ~> 0.6.0 or ~> 1.0", [hex: :muontrap, repo: "hexpm", optional: false]}, {:property_table, "~> 0.2.0 or ~> 0.3.0", [hex: :property_table, repo: "hexpm", optional: false]}], "hexpm", "ebc11f329327749f35d1cb745a6f500d592130f29067505845a7a1b6708a4552"},
  "vintage_net_direct": {:hex, :vintage_net_direct, "0.10.8", "30461d2ed3caf84c888effbbee0b15f7351529e900dcfde668ab3e08837f0373", [:mix], [{:one_dhcpd, "~> 0.2.3 or ~> 1.0 or ~> 2.0 or ~> 3.0", [hex: :one_dhcpd, repo: "hexpm", optional: false]}, {:vintage_net, "~> 0.9.1 or ~> 0.10.0 or ~> 0.11.0 or ~> 0.12.0 or ~> 0.13.0", [hex: :vintage_net, repo: "hexpm", optional: false]}], "hexpm", "07eb4e1144f437fbc93c80480f27e48a9d12f6962bed97471e03cda6c91ba88f"},
  "vintage_net_ethernet": {:hex, :vintage_net_ethernet, "0.11.2", "ef67db5ace9ad5ca5bf229a507247f9eb45b847dc0ff694a6e8a156ed9c5915d", [:mix], [{:vintage_net, "~> 0.12.0 or ~> 0.13.0", [hex: :vintage_net, repo: "hexpm", optional: false]}], "hexpm", "6915f9e15e1aa15e52d1948f318ce5109181d1ad7aaa50016bad5dd8e22df9ea"},
  "vintage_net_wifi": {:hex, :vintage_net_wifi, "0.12.11", "6eb76aa1b340c96eddc9a5e3cad43f86154e0a8bb1b1bf9873acba8391dea966", [:make, :mix], [{:elixir_make, "~> 0.6", [hex: :elixir_make, repo: "hexpm", optional: false]}, {:vintage_net, "~> 0.12.0 or ~> 0.13.0", [hex: :vintage_net, repo: "hexpm", optional: false]}], "hexpm", "ef45626527e7c5258b192c21e3f37f9ba4798cf4eadf320d7e2ca5bccb6e3ebe"},
}
